{
  "version": 4,
  "terraform_version": "1.5.7",
  "serial": 3,
  "lineage": "db08cc3d-875d-1368-baab-5e6aa671edec",
  "outputs": {
    "AZURE_LOCATION": {
      "value": "eastus2",
      "type": "string"
    },
    "AZURE_TENANT_ID": {
      "value": "72f988bf-86f1-41af-91ab-2d7cd011db47",
      "type": "string"
    }
  },
  "resources": [
    {
      "mode": "data",
      "type": "azurerm_client_config",
      "name": "current",
      "provider": "provider[\"registry.terraform.io/hashicorp/azurerm\"]",
      "instances": [
        {
          "schema_version": 0,
          "attributes": {
            "client_id": "04b07795-8ddb-461a-bbee-02f9e1bf7b46",
            "id": "Y2xpZW50Q29uZmlncy9jbGllbnRJZD0wNGIwNzc5NS04ZGRiLTQ2MWEtYmJlZS0wMmY5ZTFiZjdiNDY7b2JqZWN0SWQ9M2M5ODM0ZDMtNmE3Mi00OTM4LThkMDItYTJiMjJhNDcxNmFmO3N1YnNjcmlwdGlvbklkPWNhNWNlNTEyLTg4ZTEtNDRiMS05N2M2LTIyY2FmODRmYjJiMDt0ZW5hbnRJZD03MmY5ODhiZi04NmYxLTQxYWYtOTFhYi0yZDdjZDAxMWRiNDc=",
            "object_id": "3c9834d3-6a72-4938-8d02-a2b22a4716af",
            "subscription_id": "ca5ce512-88e1-44b1-97c6-22caf84fb2b0",
            "tenant_id": "72f988bf-86f1-41af-91ab-2d7cd011db47",
            "timeouts": null
          },
          "sensitive_attributes": []
        }
      ]
    },
    {
      "mode": "managed",
      "type": "azurecaf_name",
      "name": "rg_name",
      "provider": "provider[\"registry.terraform.io/aztfmod/azurecaf\"]",
      "instances": [
        {
          "schema_version": 3,
          "attributes": {
            "clean_input": true,
            "id": "aggjoydiscwcktah",
            "name": "azd-starter-dev",
            "passthrough": false,
            "prefixes": null,
            "random_length": 0,
            "random_seed": null,
            "resource_type": "azurerm_resource_group",
            "resource_types": null,
            "result": "rg-azd-starter-dev",
            "results": {},
            "separator": "-",
            "suffixes": null,
            "use_slug": true
          },
          "sensitive_attributes": [],
          "private": "eyJzY2hlbWFfdmVyc2lvbiI6IjMifQ=="
        }
      ]
    },
    {
      "mode": "managed",
      "type": "azurerm_resource_group",
      "name": "rg",
      "provider": "provider[\"registry.terraform.io/hashicorp/azurerm\"]",
      "instances": [
        {
          "schema_version": 0,
          "attributes": {
            "id": "/subscriptions/ca5ce512-88e1-44b1-97c6-22caf84fb2b0/resourceGroups/rg-azd-starter-dev",
            "location": "eastus2",
            "managed_by": "",
            "name": "rg-azd-starter-dev",
            "tags": {
              "azd-env-name": "azd-starter-dev"
            },
            "timeouts": null
          },
          "sensitive_attributes": [],
          "private": "eyJlMmJmYjczMC1lY2FhLTExZTYtOGY4OC0zNDM2M2JjN2M0YzAiOnsiY3JlYXRlIjo1NDAwMDAwMDAwMDAwLCJkZWxldGUiOjU0MDAwMDAwMDAwMDAsInJlYWQiOjMwMDAwMDAwMDAwMCwidXBkYXRlIjo1NDAwMDAwMDAwMDAwfX0=",
          "dependencies": [
            "azurecaf_name.rg_name"
          ]
        }
      ]
    }
  ],
  "check_results": null
}
